
Microsoft Visual Studio Solution File, Format Version 12.00
# Visual Studio Version 17
VisualStudioVersion = 17.14.35906.104 d17.14
MinimumVisualStudioVersion = 10.0.40219.1
Project("{2150E333-8FDC-42A3-9474-1A3956D46DE8}") = "src", "src", "{02EA681E-C7D8-13C7-8484-4AC65E1B71E8}"
EndProject
Project("{2150E333-8FDC-42A3-9474-1A3956D46DE8}") = ".template.config", ".template.config", "{DC41D7AD-BB18-48B6-B584-DAD15DEC6D91}"
	ProjectSection(SolutionItems) = preProject
		template.json = template.json
	EndProjectSection
EndProject
Project("{2150E333-8FDC-42A3-9474-1A3956D46DE8}") = "1.Core", "1.Core", "{8217F863-B7FA-4691-B27D-A15B450FCE44}"
EndProject
Project("{2150E333-8FDC-42A3-9474-1A3956D46DE8}") = "2.Infra", "2.Infra", "{F6EE3B31-5A91-475E-AC0C-B87BD3CFEDB5}"
EndProject
Project("{2150E333-8FDC-42A3-9474-1A3956D46DE8}") = "3.EndPoints", "3.EndPoints", "{29D14678-5289-4EF6-B4FE-4DA09E5074BD}"
EndProject
Project("{2150E333-8FDC-42A3-9474-1A3956D46DE8}") = "ApplicationService", "ApplicationService", "{22FA4FD6-B8B5-4834-8D06-972FCF84B577}"
EndProject
Project("{2150E333-8FDC-42A3-9474-1A3956D46DE8}") = "Contracts", "Contracts", "{C7D2F895-E4BF-4A66-8809-6BBF001849A6}"
EndProject
Project("{2150E333-8FDC-42A3-9474-1A3956D46DE8}") = "Domain", "Domain", "{D1BE347E-33A2-4F84-B3EC-840B2D91D6F0}"
EndProject
Project("{2150E333-8FDC-42A3-9474-1A3956D46DE8}") = "RequestResponse", "RequestResponse", "{85D3D3A4-F537-4DAB-BEC5-9F1A94843579}"
EndProject
Project("{2150E333-8FDC-42A3-9474-1A3956D46DE8}") = "Resources", "Resources", "{C588C58B-CAD6-405C-BEFA-6AAF7B8A2841}"
EndProject
Project("{2150E333-8FDC-42A3-9474-1A3956D46DE8}") = "Data", "Data", "{EEC5D832-F14E-48BD-8D3D-A0E27F186CBF}"
EndProject
Project("{2150E333-8FDC-42A3-9474-1A3956D46DE8}") = "Sql.Commands", "Sql.Commands", "{D903AC7C-79E4-4738-8878-7310B8D7BF2B}"
EndProject
Project("{2150E333-8FDC-42A3-9474-1A3956D46DE8}") = "Sql.Queries", "Sql.Queries", "{B592581D-C8DD-4532-AB3E-232A5C9DC152}"
EndProject
Project("{FAE04EC0-301F-11D3-BF4B-00C04F79EFBC}") = "AmmTemplate.Core.ApplicationService", "src\1.Core\AmmTemplate.Core.ApplicationService\AmmTemplate.Core.ApplicationService.csproj", "{BE7F3A66-94D1-40FE-A0E7-7E1F217ACC42}"
EndProject
Project("{FAE04EC0-301F-11D3-BF4B-00C04F79EFBC}") = "AmmTemplate.Core.Resources", "src\1.Core\AmmTemplate.Core.Resources\AmmTemplate.Core.Resources.csproj", "{2388A988-F88C-4C13-A886-981AC4E02C1F}"
EndProject
Project("{FAE04EC0-301F-11D3-BF4B-00C04F79EFBC}") = "AmmTemplate.Core.RequestResponse", "src\1.Core\AmmTemplate.Core.RequestResponse\AmmTemplate.Core.RequestResponse.csproj", "{A110082C-39BD-452F-A211-30D79ACEC173}"
EndProject
Project("{FAE04EC0-301F-11D3-BF4B-00C04F79EFBC}") = "AmmTemplate.Core.Domain", "src\1.Core\AmmTemplate.Core.Domain\AmmTemplate.Core.Domain.csproj", "{586FE3EC-E433-479A-B96A-EB060A93F475}"
EndProject
Project("{FAE04EC0-301F-11D3-BF4B-00C04F79EFBC}") = "AmmTemplate.Core.Contracts", "src\1.Core\AmmTemplate.Core.Contracts\AmmTemplate.Core.Contracts.csproj", "{9C801C0E-0728-421C-A781-7EF0EAC954FC}"
EndProject
Project("{FAE04EC0-301F-11D3-BF4B-00C04F79EFBC}") = "AmmTemplate.Infra.Data.Sql.Commands", "src\2.Infra\Data\Sql\AmmTemplate.Infra.Data.Sql.Commands\AmmTemplate.Infra.Data.Sql.Commands.csproj", "{5019AF23-CAD0-422C-85CC-10311C138717}"
EndProject
Project("{FAE04EC0-301F-11D3-BF4B-00C04F79EFBC}") = "AmmTemplate.Infra.Data.Sql.Queries", "src\2.Infra\Data\Sql\AmmTemplate.Infra.Data.Sql.Queries\AmmTemplate.Infra.Data.Sql.Queries.csproj", "{42DEA387-C43F-4464-96A7-032916B7F112}"
EndProject
Project("{FAE04EC0-301F-11D3-BF4B-00C04F79EFBC}") = "AmmTemplate.Endpoints.API", "src\3.EndPoints\API\AmmTemplate.Endpoints.API\AmmTemplate.Endpoints.API.csproj", "{1DA2474C-43EB-43B6-B8F2-8C29FE0E32FF}"
EndProject
Global
	GlobalSection(SolutionConfigurationPlatforms) = preSolution
		Debug|Any CPU = Debug|Any CPU
		Release|Any CPU = Release|Any CPU
	EndGlobalSection
	GlobalSection(ProjectConfigurationPlatforms) = postSolution
		{BE7F3A66-94D1-40FE-A0E7-7E1F217ACC42}.Debug|Any CPU.ActiveCfg = Debug|Any CPU
		{BE7F3A66-94D1-40FE-A0E7-7E1F217ACC42}.Debug|Any CPU.Build.0 = Debug|Any CPU
		{BE7F3A66-94D1-40FE-A0E7-7E1F217ACC42}.Release|Any CPU.ActiveCfg = Release|Any CPU
		{BE7F3A66-94D1-40FE-A0E7-7E1F217ACC42}.Release|Any CPU.Build.0 = Release|Any CPU
		{2388A988-F88C-4C13-A886-981AC4E02C1F}.Debug|Any CPU.ActiveCfg = Debug|Any CPU
		{2388A988-F88C-4C13-A886-981AC4E02C1F}.Debug|Any CPU.Build.0 = Debug|Any CPU
		{2388A988-F88C-4C13-A886-981AC4E02C1F}.Release|Any CPU.ActiveCfg = Release|Any CPU
		{2388A988-F88C-4C13-A886-981AC4E02C1F}.Release|Any CPU.Build.0 = Release|Any CPU
		{A110082C-39BD-452F-A211-30D79ACEC173}.Debug|Any CPU.ActiveCfg = Debug|Any CPU
		{A110082C-39BD-452F-A211-30D79ACEC173}.Debug|Any CPU.Build.0 = Debug|Any CPU
		{A110082C-39BD-452F-A211-30D79ACEC173}.Release|Any CPU.ActiveCfg = Release|Any CPU
		{A110082C-39BD-452F-A211-30D79ACEC173}.Release|Any CPU.Build.0 = Release|Any CPU
		{586FE3EC-E433-479A-B96A-EB060A93F475}.Debug|Any CPU.ActiveCfg = Debug|Any CPU
		{586FE3EC-E433-479A-B96A-EB060A93F475}.Debug|Any CPU.Build.0 = Debug|Any CPU
		{586FE3EC-E433-479A-B96A-EB060A93F475}.Release|Any CPU.ActiveCfg = Release|Any CPU
		{586FE3EC-E433-479A-B96A-EB060A93F475}.Release|Any CPU.Build.0 = Release|Any CPU
		{9C801C0E-0728-421C-A781-7EF0EAC954FC}.Debug|Any CPU.ActiveCfg = Debug|Any CPU
		{9C801C0E-0728-421C-A781-7EF0EAC954FC}.Debug|Any CPU.Build.0 = Debug|Any CPU
		{9C801C0E-0728-421C-A781-7EF0EAC954FC}.Release|Any CPU.ActiveCfg = Release|Any CPU
		{9C801C0E-0728-421C-A781-7EF0EAC954FC}.Release|Any CPU.Build.0 = Release|Any CPU
		{5019AF23-CAD0-422C-85CC-10311C138717}.Debug|Any CPU.ActiveCfg = Debug|Any CPU
		{5019AF23-CAD0-422C-85CC-10311C138717}.Debug|Any CPU.Build.0 = Debug|Any CPU
		{5019AF23-CAD0-422C-85CC-10311C138717}.Release|Any CPU.ActiveCfg = Release|Any CPU
		{5019AF23-CAD0-422C-85CC-10311C138717}.Release|Any CPU.Build.0 = Release|Any CPU
		{42DEA387-C43F-4464-96A7-032916B7F112}.Debug|Any CPU.ActiveCfg = Debug|Any CPU
		{42DEA387-C43F-4464-96A7-032916B7F112}.Debug|Any CPU.Build.0 = Debug|Any CPU
		{42DEA387-C43F-4464-96A7-032916B7F112}.Release|Any CPU.ActiveCfg = Release|Any CPU
		{42DEA387-C43F-4464-96A7-032916B7F112}.Release|Any CPU.Build.0 = Release|Any CPU
		{1DA2474C-43EB-43B6-B8F2-8C29FE0E32FF}.Debug|Any CPU.ActiveCfg = Debug|Any CPU
		{1DA2474C-43EB-43B6-B8F2-8C29FE0E32FF}.Debug|Any CPU.Build.0 = Debug|Any CPU
		{1DA2474C-43EB-43B6-B8F2-8C29FE0E32FF}.Release|Any CPU.ActiveCfg = Release|Any CPU
		{1DA2474C-43EB-43B6-B8F2-8C29FE0E32FF}.Release|Any CPU.Build.0 = Release|Any CPU
	EndGlobalSection
	GlobalSection(SolutionProperties) = preSolution
		HideSolutionNode = FALSE
	EndGlobalSection
	GlobalSection(NestedProjects) = preSolution
		{8217F863-B7FA-4691-B27D-A15B450FCE44} = {02EA681E-C7D8-13C7-8484-4AC65E1B71E8}
		{F6EE3B31-5A91-475E-AC0C-B87BD3CFEDB5} = {02EA681E-C7D8-13C7-8484-4AC65E1B71E8}
		{29D14678-5289-4EF6-B4FE-4DA09E5074BD} = {02EA681E-C7D8-13C7-8484-4AC65E1B71E8}
		{22FA4FD6-B8B5-4834-8D06-972FCF84B577} = {8217F863-B7FA-4691-B27D-A15B450FCE44}
		{C7D2F895-E4BF-4A66-8809-6BBF001849A6} = {8217F863-B7FA-4691-B27D-A15B450FCE44}
		{D1BE347E-33A2-4F84-B3EC-840B2D91D6F0} = {8217F863-B7FA-4691-B27D-A15B450FCE44}
		{85D3D3A4-F537-4DAB-BEC5-9F1A94843579} = {8217F863-B7FA-4691-B27D-A15B450FCE44}
		{C588C58B-CAD6-405C-BEFA-6AAF7B8A2841} = {8217F863-B7FA-4691-B27D-A15B450FCE44}
		{EEC5D832-F14E-48BD-8D3D-A0E27F186CBF} = {F6EE3B31-5A91-475E-AC0C-B87BD3CFEDB5}
		{D903AC7C-79E4-4738-8878-7310B8D7BF2B} = {EEC5D832-F14E-48BD-8D3D-A0E27F186CBF}
		{B592581D-C8DD-4532-AB3E-232A5C9DC152} = {EEC5D832-F14E-48BD-8D3D-A0E27F186CBF}
		{BE7F3A66-94D1-40FE-A0E7-7E1F217ACC42} = {22FA4FD6-B8B5-4834-8D06-972FCF84B577}
		{2388A988-F88C-4C13-A886-981AC4E02C1F} = {C588C58B-CAD6-405C-BEFA-6AAF7B8A2841}
		{A110082C-39BD-452F-A211-30D79ACEC173} = {85D3D3A4-F537-4DAB-BEC5-9F1A94843579}
		{586FE3EC-E433-479A-B96A-EB060A93F475} = {D1BE347E-33A2-4F84-B3EC-840B2D91D6F0}
		{9C801C0E-0728-421C-A781-7EF0EAC954FC} = {C7D2F895-E4BF-4A66-8809-6BBF001849A6}
		{5019AF23-CAD0-422C-85CC-10311C138717} = {D903AC7C-79E4-4738-8878-7310B8D7BF2B}
		{42DEA387-C43F-4464-96A7-032916B7F112} = {B592581D-C8DD-4532-AB3E-232A5C9DC152}
		{1DA2474C-43EB-43B6-B8F2-8C29FE0E32FF} = {29D14678-5289-4EF6-B4FE-4DA09E5074BD}
	EndGlobalSection
	GlobalSection(ExtensibilityGlobals) = postSolution
		SolutionGuid = {E5022198-BB86-4709-A5CB-F38B404BB3C1}
	EndGlobalSection
EndGlobal
